
Microsoft Visual Studio Solution File, Format Version 12.00
# Visual Studio 15
VisualStudioVersion = 15.0.28010.2016
MinimumVisualStudioVersion = 10.0.40219.1
Project("{FAE04EC0-301F-11D3-BF4B-00C04F79EFBC}") = "ImageText", "ImageText\ImageText.csproj", "{BEE5C77C-6C0F-4717-957D-F5B5344273A2}"
EndProject
Global
	GlobalSection(SolutionConfigurationPlatforms) = preSolution
		Debug|Any CPU = Debug|Any CPU
		Debug|x86 = Debug|x86
		Release|Any CPU = Release|Any CPU
		Release|x86 = Release|x86
	EndGlobalSection
	GlobalSection(ProjectConfigurationPlatforms) = postSolution
		{BEE5C77C-6C0F-4717-957D-F5B5344273A2}.Debug|Any CPU.ActiveCfg = Debug|Any CPU
		{BEE5C77C-6C0F-4717-957D-F5B5344273A2}.Debug|Any CPU.Build.0 = Debug|Any CPU
		{BEE5C77C-6C0F-4717-957D-F5B5344273A2}.Debug|x86.ActiveCfg = Debug|x86
		{BEE5C77C-6C0F-4717-957D-F5B5344273A2}.Debug|x86.Build.0 = Debug|x86
		{BEE5C77C-6C0F-4717-957D-F5B5344273A2}.Release|Any CPU.ActiveCfg = Release|Any CPU
		{BEE5C77C-6C0F-4717-957D-F5B5344273A2}.Release|Any CPU.Build.0 = Release|Any CPU
		{BEE5C77C-6C0F-4717-957D-F5B5344273A2}.Release|x86.ActiveCfg = Release|x86
		{BEE5C77C-6C0F-4717-957D-F5B5344273A2}.Release|x86.Build.0 = Release|x86
	EndGlobalSection
	GlobalSection(SolutionProperties) = preSolution
		HideSolutionNode = FALSE
	EndGlobalSection
	GlobalSection(ExtensibilityGlobals) = postSolution
		SolutionGuid = {7E6E1301-57F6-4052-81DA-F8E486E361EB}
	EndGlobalSection
EndGlobal
